
Microsoft Visual Studio Solution File, Format Version 10.00
# Visual C++ Express 2008
Project("{8BC9CEB8-8B4A-11D0-8D11-00A0C91BC942}") = "折半查找", "折半查找.vcproj", "{31D7E6E0-F7F9-46E4-A7D4-58E4608F0D35}"
EndProject
Global
	GlobalSection(SolutionConfigurationPlatforms) = preSolution
		Debug|Win32 = Debug|Win32
		Release|Win32 = Release|Win32
	EndGlobalSection
	GlobalSection(ProjectConfigurationPlatforms) = postSolution
		{31D7E6E0-F7F9-46E4-A7D4-58E4608F0D35}.Debug|Win32.ActiveCfg = Debug|Win32
		{31D7E6E0-F7F9-46E4-A7D4-58E4608F0D35}.Debug|Win32.Build.0 = Debug|Win32
		{31D7E6E0-F7F9-46E4-A7D4-58E4608F0D35}.Release|Win32.ActiveCfg = Release|Win32
		{31D7E6E0-F7F9-46E4-A7D4-58E4608F0D35}.Release|Win32.Build.0 = Release|Win32
	EndGlobalSection
	GlobalSection(SolutionProperties) = preSolution
		HideSolutionNode = FALSE
	EndGlobalSection
EndGlobal
